
Microsoft Visual Studio Solution File, Format Version 12.00
# Visual Studio Version 16
VisualStudioVersion = 16.0.31911.196
MinimumVisualStudioVersion = 10.0.40219.1
Project("{FAE04EC0-301F-11D3-BF4B-00C04F79EFBC}") = "EnumsAssignment", "EnumsAssignment.csproj", "{934E30EF-3790-4289-B09C-A777D2CB521B}"
EndProject
Global
	GlobalSection(SolutionConfigurationPlatforms) = preSolution
		Debug|Any CPU = Debug|Any CPU
		Release|Any CPU = Release|Any CPU
	EndGlobalSection
	GlobalSection(ProjectConfigurationPlatforms) = postSolution
		{934E30EF-3790-4289-B09C-A777D2CB521B}.Debug|Any CPU.ActiveCfg = Debug|Any CPU
		{934E30EF-3790-4289-B09C-A777D2CB521B}.Debug|Any CPU.Build.0 = Debug|Any CPU
		{934E30EF-3790-4289-B09C-A777D2CB521B}.Release|Any CPU.ActiveCfg = Release|Any CPU
		{934E30EF-3790-4289-B09C-A777D2CB521B}.Release|Any CPU.Build.0 = Release|Any CPU
	EndGlobalSection
	GlobalSection(SolutionProperties) = preSolution
		HideSolutionNode = FALSE
	EndGlobalSection
	GlobalSection(ExtensibilityGlobals) = postSolution
		SolutionGuid = {DE3A6A61-FFFA-47C8-99B2-708E3D357C2F}
	EndGlobalSection
EndGlobal
